
Microsoft Visual Studio Solution File, Format Version 11.00
# Visual Studio 2010
Project("{FAE04EC0-301F-11D3-BF4B-00C04F79EFBC}") = "B677017 오연주 졸업작품", "Assembly-CSharp.csproj", "{BE8D2AAF-1E71-3C60-9E25-C0BBB459B575}"
EndProject
Global
	GlobalSection(SolutionConfigurationPlatforms) = preSolution
		Debug|Any CPU = Debug|Any CPU
		Release|Any CPU = Release|Any CPU
	EndGlobalSection
	GlobalSection(ProjectConfigurationPlatforms) = postSolution
		{BE8D2AAF-1E71-3C60-9E25-C0BBB459B575}.Debug|Any CPU.ActiveCfg = Debug|Any CPU
		{BE8D2AAF-1E71-3C60-9E25-C0BBB459B575}.Debug|Any CPU.Build.0 = Debug|Any CPU
		{BE8D2AAF-1E71-3C60-9E25-C0BBB459B575}.Release|Any CPU.ActiveCfg = Release|Any CPU
		{BE8D2AAF-1E71-3C60-9E25-C0BBB459B575}.Release|Any CPU.Build.0 = Release|Any CPU
	EndGlobalSection
	GlobalSection(SolutionProperties) = preSolution
		HideSolutionNode = FALSE
	EndGlobalSection
	GlobalSection(MonoDevelopProperties) = preSolution
		StartupItem = Assembly-CSharp.csproj
	EndGlobalSection
EndGlobal
